
Microsoft Visual Studio Solution File, Format Version 12.00
# Visual Studio 15
VisualStudioVersion = 15.0.28307.645
MinimumVisualStudioVersion = 10.0.40219.1
Project("{FAE04EC0-301F-11D3-BF4B-00C04F79EFBC}") = "HabilServiceNFSe", "ServiceNFSe\HabilServiceNFSe\HabilServiceNFSe.csproj", "{4D360C76-947A-4404-B036-1F3D26DDA8AF}"
EndProject
Project("{FAE04EC0-301F-11D3-BF4B-00C04F79EFBC}") = "DAL", "DAL\DAL.csproj", "{162E7E36-D4AD-4F46-A8AA-6E51606E562E}"
EndProject
Global
	GlobalSection(SolutionConfigurationPlatforms) = preSolution
		Debug|Any CPU = Debug|Any CPU
		Release|Any CPU = Release|Any CPU
	EndGlobalSection
	GlobalSection(ProjectConfigurationPlatforms) = postSolution
		{4D360C76-947A-4404-B036-1F3D26DDA8AF}.Debug|Any CPU.ActiveCfg = Debug|Any CPU
		{4D360C76-947A-4404-B036-1F3D26DDA8AF}.Debug|Any CPU.Build.0 = Debug|Any CPU
		{4D360C76-947A-4404-B036-1F3D26DDA8AF}.Release|Any CPU.ActiveCfg = Release|Any CPU
		{4D360C76-947A-4404-B036-1F3D26DDA8AF}.Release|Any CPU.Build.0 = Release|Any CPU
		{162E7E36-D4AD-4F46-A8AA-6E51606E562E}.Debug|Any CPU.ActiveCfg = Debug|Any CPU
		{162E7E36-D4AD-4F46-A8AA-6E51606E562E}.Debug|Any CPU.Build.0 = Debug|Any CPU
		{162E7E36-D4AD-4F46-A8AA-6E51606E562E}.Release|Any CPU.ActiveCfg = Release|Any CPU
		{162E7E36-D4AD-4F46-A8AA-6E51606E562E}.Release|Any CPU.Build.0 = Release|Any CPU
	EndGlobalSection
	GlobalSection(SolutionProperties) = preSolution
		HideSolutionNode = FALSE
	EndGlobalSection
	GlobalSection(ExtensibilityGlobals) = postSolution
		SolutionGuid = {35F7FF7A-CA95-426A-AF76-8B151FC7AB5F}
	EndGlobalSection
EndGlobal
