
Microsoft Visual Studio Solution File, Format Version 12.00
# Visual Studio 15
VisualStudioVersion = 15.0.28010.2036
MinimumVisualStudioVersion = 10.0.40219.1
Project("{FAE04EC0-301F-11D3-BF4B-00C04F79EFBC}") = "WSHabilMail", "WSHabilMail\WindowsService1\WSHabilMail.csproj", "{4D360C76-947A-4404-B036-1F3D26DDA8AF}"
EndProject
Global
	GlobalSection(SolutionConfigurationPlatforms) = preSolution
		Debug|Any CPU = Debug|Any CPU
		Release|Any CPU = Release|Any CPU
	EndGlobalSection
	GlobalSection(ProjectConfigurationPlatforms) = postSolution
		{4D360C76-947A-4404-B036-1F3D26DDA8AF}.Debug|Any CPU.ActiveCfg = Debug|Any CPU
		{4D360C76-947A-4404-B036-1F3D26DDA8AF}.Debug|Any CPU.Build.0 = Debug|Any CPU
		{4D360C76-947A-4404-B036-1F3D26DDA8AF}.Release|Any CPU.ActiveCfg = Release|Any CPU
		{4D360C76-947A-4404-B036-1F3D26DDA8AF}.Release|Any CPU.Build.0 = Release|Any CPU
	EndGlobalSection
	GlobalSection(SolutionProperties) = preSolution
		HideSolutionNode = FALSE
	EndGlobalSection
	GlobalSection(ExtensibilityGlobals) = postSolution
		SolutionGuid = {E4C6CE04-8855-404A-8E90-31E3977C602C}
	EndGlobalSection
EndGlobal
